// !$*UTF8*$!
{
	archiveVersion = 1;
	classes = {
	};
	objectVersion = 52;
	objects = {

/* Begin PBXBuildFile section */
		CBFB467A245F18340030DE63 /* AppDelegate.swift in Sources */ = {isa = PBXBuildFile; fileRef = CBFB4679245F18340030DE63 /* AppDelegate.swift */; };
		CBFB467C245F18340030DE63 /* SceneDelegate.swift in Sources */ = {isa = PBXBuildFile; fileRef = CBFB467B245F18340030DE63 /* SceneDelegate.swift */; };
		CBFB467E245F18340030DE63 /* ViewController.swift in Sources */ = {isa = PBXBuildFile; fileRef = CBFB467D245F18340030DE63 /* ViewController.swift */; };
		CBFB4681245F18340030DE63 /* Main.storyboard in Resources */ = {isa = PBXBuildFile; fileRef = CBFB467F245F18340030DE63 /* Main.storyboard */; };
		CBFB4683245F18370030DE63 /* Assets.xcassets in Resources */ = {isa = PBXBuildFile; fileRef = CBFB4682245F18370030DE63 /* Assets.xcassets */; };
		CBFB4686245F18370030DE63 /* LaunchScreen.storyboard in Resources */ = {isa = PBXBuildFile; fileRef = CBFB4684245F18370030DE63 /* LaunchScreen.storyboard */; };
		CBFB468F245F18D80030DE63 /* Alamofire in Frameworks */ = {isa = PBXBuildFile; productRef = CBFB468E245F18D80030DE63 /* Alamofire */; };
		CBFB4692245F19040030DE63 /* Constants.swift in Sources */ = {isa = PBXBuildFile; fileRef = CBFB4691245F19040030DE63 /* Constants.swift */; };
		CBFB4695245F19330030DE63 /* PostModel.swift in Sources */ = {isa = PBXBuildFile; fileRef = CBFB4694245F19330030DE63 /* PostModel.swift */; };
/* End PBXBuildFile section */

/* Begin PBXFileReference section */
		CBFB4676245F18340030DE63 /* LoaderOnTableViewTillDataLoadsFromApi.app */ = {isa = PBXFileReference; explicitFileType = wrapper.application; includeInIndex = 0; path = LoaderOnTableViewTillDataLoadsFromApi.app; sourceTree = BUILT_PRODUCTS_DIR; };
		CBFB4679245F18340030DE63 /* AppDelegate.swift */ = {isa = PBXFileReference; lastKnownFileType = sourcecode.swift; path = AppDelegate.swift; sourceTree = "<group>"; };
		CBFB467B245F18340030DE63 /* SceneDelegate.swift */ = {isa = PBXFileReference; lastKnownFileType = sourcecode.swift; path = SceneDelegate.swift; sourceTree = "<group>"; };
		CBFB467D245F18340030DE63 /* ViewController.swift */ = {isa = PBXFileReference; lastKnownFileType = sourcecode.swift; path = ViewController.swift; sourceTree = "<group>"; };
		CBFB4680245F18340030DE63 /* Base */ = {isa = PBXFileReference; lastKnownFileType = file.storyboard; name = Base; path = Base.lproj/Main.storyboard; sourceTree = "<group>"; };
		CBFB4682245F18370030DE63 /* Assets.xcassets */ = {isa = PBXFileReference; lastKnownFileType = folder.assetcatalog; path = Assets.xcassets; sourceTree = "<group>"; };
		CBFB4685245F18370030DE63 /* Base */ = {isa = PBXFileReference; lastKnownFileType = file.storyboard; name = Base; path = Base.lproj/LaunchScreen.storyboard; sourceTree = "<group>"; };
		CBFB4687245F18370030DE63 /* Info.plist */ = {isa = PBXFileReference; lastKnownFileType = text.plist.xml; path = Info.plist; sourceTree = "<group>"; };
		CBFB4691245F19040030DE63 /* Constants.swift */ = {isa = PBXFileReference; lastKnownFileType = sourcecode.swift; path = Constants.swift; sourceTree = "<group>"; };
		CBFB4694245F19330030DE63 /* PostModel.swift */ = {isa = PBXFileReference; lastKnownFileType = sourcecode.swift; path = PostModel.swift; sourceTree = "<group>"; };
/* End PBXFileReference section */

/* Begin PBXFrameworksBuildPhase section */
		CBFB4673245F18340030DE63 /* Frameworks */ = {
			isa = PBXFrameworksBuildPhase;
			buildActionMask = 2147483647;
			files = (
				CBFB468F245F18D80030DE63 /* Alamofire in Frameworks */,
			);
			runOnlyForDeploymentPostprocessing = 0;
		};
/* End PBXFrameworksBuildPhase section */

/* Begin PBXGroup section */
		CBFB466D245F18340030DE63 = {
			isa = PBXGroup;
			children = (
				CBFB4693245F19180030DE63 /* Models */,
				CBFB4690245F18FA0030DE63 /* Constants */,
				CBFB4678245F18340030DE63 /* LoaderOnTableViewTillDataLoadsFromApi */,
				CBFB4677245F18340030DE63 /* Products */,
			);
			sourceTree = "<group>";
		};
		CBFB4677245F18340030DE63 /* Products */ = {
			isa = PBXGroup;
			children = (
				CBFB4676245F18340030DE63 /* LoaderOnTableViewTillDataLoadsFromApi.app */,
			);
			name = Products;
			sourceTree = "<group>";
		};
		CBFB4678245F18340030DE63 /* LoaderOnTableViewTillDataLoadsFromApi */ = {
			isa = PBXGroup;
			children = (
				CBFB4679245F18340030DE63 /* AppDelegate.swift */,
				CBFB467B245F18340030DE63 /* SceneDelegate.swift */,
				CBFB467D245F18340030DE63 /* ViewController.swift */,
				CBFB467F245F18340030DE63 /* Main.storyboard */,
				CBFB4682245F18370030DE63 /* Assets.xcassets */,
				CBFB4684245F18370030DE63 /* LaunchScreen.storyboard */,
				CBFB4687245F18370030DE63 /* Info.plist */,
			);
			path = LoaderOnTableViewTillDataLoadsFromApi;
			sourceTree = "<group>";
		};
		CBFB4690245F18FA0030DE63 /* Constants */ = {
			isa = PBXGroup;
			children = (
				CBFB4691245F19040030DE63 /* Constants.swift */,
			);
			path = Constants;
			sourceTree = "<group>";
		};
		CBFB4693245F19180030DE63 /* Models */ = {
			isa = PBXGroup;
			children = (
				CBFB4694245F19330030DE63 /* PostModel.swift */,
			);
			path = Models;
			sourceTree = "<group>";
		};
/* End PBXGroup section */

/* Begin PBXNativeTarget section */
		CBFB4675245F18340030DE63 /* LoaderOnTableViewTillDataLoadsFromApi */ = {
			isa = PBXNativeTarget;
			buildConfigurationList = CBFB468A245F18370030DE63 /* Build configuration list for PBXNativeTarget "LoaderOnTableViewTillDataLoadsFromApi" */;
			buildPhases = (
				CBFB4672245F18340030DE63 /* Sources */,
				CBFB4673245F18340030DE63 /* Frameworks */,
				CBFB4674245F18340030DE63 /* Resources */,
			);
			buildRules = (
			);
			dependencies = (
			);
			name = LoaderOnTableViewTillDataLoadsFromApi;
			packageProductDependencies = (
				CBFB468E245F18D80030DE63 /* Alamofire */,
			);
			productName = LoaderOnTableViewTillDataLoadsFromApi;
			productReference = CBFB4676245F18340030DE63 /* LoaderOnTableViewTillDataLoadsFromApi.app */;
			productType = "com.apple.product-type.application";
		};
/* End PBXNativeTarget section */

/* Begin PBXProject section */
		CBFB466E245F18340030DE63 /* Project object */ = {
			isa = PBXProject;
			attributes = {
				LastSwiftUpdateCheck = 1140;
				LastUpgradeCheck = 1140;
				ORGANIZATIONNAME = "Nikhil Balne";
				TargetAttributes = {
					CBFB4675245F18340030DE63 = {
						CreatedOnToolsVersion = 11.4;
					};
				};
			};
			buildConfigurationList = CBFB4671245F18340030DE63 /* Build configuration list for PBXProject "LoaderOnTableViewTillDataLoadsFromApi" */;
			compatibilityVersion = "Xcode 9.3";
			developmentRegion = en;
			hasScannedForEncodings = 0;
			knownRegions = (
				en,
				Base,
			);
			mainGroup = CBFB466D245F18340030DE63;
			packageReferences = (
				CBFB468D245F18D80030DE63 /* XCRemoteSwiftPackageReference "Alamofire" */,
			);
			productRefGroup = CBFB4677245F18340030DE63 /* Products */;
			projectDirPath = "";
			projectRoot = "";
			targets = (
				CBFB4675245F18340030DE63 /* LoaderOnTableViewTillDataLoadsFromApi */,
			);
		};
/* End PBXProject section */

/* Begin PBXResourcesBuildPhase section */
		CBFB4674245F18340030DE63 /* Resources */ = {
			isa = PBXResourcesBuildPhase;
			buildActionMask = 2147483647;
			files = (
				CBFB4686245F18370030DE63 /* LaunchScreen.storyboard in Resources */,
				CBFB4683245F18370030DE63 /* Assets.xcassets in Resources */,
				CBFB4681245F18340030DE63 /* Main.storyboard in Resources */,
			);
			runOnlyForDeploymentPostprocessing = 0;
		};
/* End PBXResourcesBuildPhase section */

/* Begin PBXSourcesBuildPhase section */
		CBFB4672245F18340030DE63 /* Sources */ = {
			isa = PBXSourcesBuildPhase;
			buildActionMask = 2147483647;
			files = (
				CBFB467E245F18340030DE63 /* ViewController.swift in Sources */,
				CBFB4695245F19330030DE63 /* PostModel.swift in Sources */,
				CBFB467A245F18340030DE63 /* AppDelegate.swift in Sources */,
				CBFB467C245F18340030DE63 /* SceneDelegate.swift in Sources */,
				CBFB4692245F19040030DE63 /* Constants.swift in Sources */,
			);
			runOnlyForDeploymentPostprocessing = 0;
		};
/* End PBXSourcesBuildPhase section */

/* Begin PBXVariantGroup section */
		CBFB467F245F18340030DE63 /* Main.storyboard */ = {
			isa = PBXVariantGroup;
			children = (
				CBFB4680245F18340030DE63 /* Base */,
			);
			name = Main.storyboard;
			sourceTree = "<group>";
		};
		CBFB4684245F18370030DE63 /* LaunchScreen.storyboard */ = {
			isa = PBXVariantGroup;
			children = (
				CBFB4685245F18370030DE63 /* Base */,
			);
			name = LaunchScreen.storyboard;
			sourceTree = "<group>";
		};
/* End PBXVariantGroup section */

/* Begin XCBuildConfiguration section */
		CBFB4688245F18370030DE63 /* Debug */ = {
			isa = XCBuildConfiguration;
			buildSettings = {
				ALWAYS_SEARCH_USER_PATHS = NO;
				CLANG_ANALYZER_NONNULL = YES;
				CLANG_ANALYZER_NUMBER_OBJECT_CONVERSION = YES_AGGRESSIVE;
				CLANG_CXX_LANGUAGE_STANDARD = "gnu++14";
				CLANG_CXX_LIBRARY = "libc++";
				CLANG_ENABLE_MODULES = YES;
				CLANG_ENABLE_OBJC_ARC = YES;
				CLANG_ENABLE_OBJC_WEAK = YES;
				CLANG_WARN_BLOCK_CAPTURE_AUTORELEASING = YES;
				CLANG_WARN_BOOL_CONVERSION = YES;
				CLANG_WARN_COMMA = YES;
				CLANG_WARN_CONSTANT_CONVERSION = YES;
				CLANG_WARN_DEPRECATED_OBJC_IMPLEMENTATIONS = YES;
				CLANG_WARN_DIRECT_OBJC_ISA_USAGE = YES_ERROR;
				CLANG_WARN_DOCUMENTATION_COMMENTS = YES;
				CLANG_WARN_EMPTY_BODY = YES;
				CLANG_WARN_ENUM_CONVERSION = YES;
				CLANG_WARN_INFINITE_RECURSION = YES;
				CLANG_WARN_INT_CONVERSION = YES;
				CLANG_WARN_NON_LITERAL_NULL_CONVERSION = YES;
				CLANG_WARN_OBJC_IMPLICIT_RETAIN_SELF = YES;
				CLANG_WARN_OBJC_LITERAL_CONVERSION = YES;
				CLANG_WARN_OBJC_ROOT_CLASS = YES_ERROR;
				CLANG_WARN_RANGE_LOOP_ANALYSIS = YES;
				CLANG_WARN_STRICT_PROTOTYPES = YES;
				CLANG_WARN_SUSPICIOUS_MOVE = YES;
				CLANG_WARN_UNGUARDED_AVAILABILITY = YES_AGGRESSIVE;
				CLANG_WARN_UNREACHABLE_CODE = YES;
				CLANG_WARN__DUPLICATE_METHOD_MATCH = YES;
				COPY_PHASE_STRIP = NO;
				DEBUG_INFORMATION_FORMAT = dwarf;
				ENABLE_STRICT_OBJC_MSGSEND = YES;
				ENABLE_TESTABILITY = YES;
				GCC_C_LANGUAGE_STANDARD = gnu11;
				GCC_DYNAMIC_NO_PIC = NO;
				GCC_NO_COMMON_BLOCKS = YES;
				GCC_OPTIMIZATION_LEVEL = 0;
				GCC_PREPROCESSOR_DEFINITIONS = (
					"DEBUG=1",
					"$(inherited)",
				);
				GCC_WARN_64_TO_32_BIT_CONVERSION = YES;
				GCC_WARN_ABOUT_RETURN_TYPE = YES_ERROR;
				GCC_WARN_UNDECLARED_SELECTOR = YES;
				GCC_WARN_UNINITIALIZED_AUTOS = YES_AGGRESSIVE;
				GCC_WARN_UNUSED_FUNCTION = YES;
				GCC_WARN_UNUSED_VARIABLE = YES;
				IPHONEOS_DEPLOYMENT_TARGET = 13.4;
				MTL_ENABLE_DEBUG_INFO = INCLUDE_SOURCE;
				MTL_FAST_MATH = YES;
				ONLY_ACTIVE_ARCH = YES;
				SDKROOT = iphoneos;
				SWIFT_ACTIVE_COMPILATION_CONDITIONS = DEBUG;
				SWIFT_OPTIMIZATION_LEVEL = "-Onone";
			};
			name = Debug;
		};
		CBFB4689245F18370030DE63 /* Release */ = {
			isa = XCBuildConfiguration;
			buildSettings = {
				ALWAYS_SEARCH_USER_PATHS = NO;
				CLANG_ANALYZER_NONNULL = YES;
				CLANG_ANALYZER_NUMBER_OBJECT_CONVERSION = YES_AGGRESSIVE;
				CLANG_CXX_LANGUAGE_STANDARD = "gnu++14";
				CLANG_CXX_LIBRARY = "libc++";
				CLANG_ENABLE_MODULES = YES;
				CLANG_ENABLE_OBJC_ARC = YES;
				CLANG_ENABLE_OBJC_WEAK = YES;
				CLANG_WARN_BLOCK_CAPTURE_AUTORELEASING = YES;
				CLANG_WARN_BOOL_CONVERSION = YES;
				CLANG_WARN_COMMA = YES;
				CLANG_WARN_CONSTANT_CONVERSION = YES;
				CLANG_WARN_DEPRECATED_OBJC_IMPLEMENTATIONS = YES;
				CLANG_WARN_DIRECT_OBJC_ISA_USAGE = YES_ERROR;
				CLANG_WARN_DOCUMENTATION_COMMENTS = YES;
				CLANG_WARN_EMPTY_BODY = YES;
				CLANG_WARN_ENUM_CONVERSION = YES;
				CLANG_WARN_INFINITE_RECURSION = YES;
				CLANG_WARN_INT_CONVERSION = YES;
				CLANG_WARN_NON_LITERAL_NULL_CONVERSION = YES;
				CLANG_WARN_OBJC_IMPLICIT_RETAIN_SELF = YES;
				CLANG_WARN_OBJC_LITERAL_CONVERSION = YES;
				CLANG_WARN_OBJC_ROOT_CLASS = YES_ERROR;
				CLANG_WARN_RANGE_LOOP_ANALYSIS = YES;
				CLANG_WARN_STRICT_PROTOTYPES = YES;
				CLANG_WARN_SUSPICIOUS_MOVE = YES;
				CLANG_WARN_UNGUARDED_AVAILABILITY = YES_AGGRESSIVE;
				CLANG_WARN_UNREACHABLE_CODE = YES;
				CLANG_WARN__DUPLICATE_METHOD_MATCH = YES;
				COPY_PHASE_STRIP = NO;
				DEBUG_INFORMATION_FORMAT = "dwarf-with-dsym";
				ENABLE_NS_ASSERTIONS = NO;
				ENABLE_STRICT_OBJC_MSGSEND = YES;
				GCC_C_LANGUAGE_STANDARD = gnu11;
				GCC_NO_COMMON_BLOCKS = YES;
				GCC_WARN_64_TO_32_BIT_CONVERSION = YES;
				GCC_WARN_ABOUT_RETURN_TYPE = YES_ERROR;
				GCC_WARN_UNDECLARED_SELECTOR = YES;
				GCC_WARN_UNINITIALIZED_AUTOS = YES_AGGRESSIVE;
				GCC_WARN_UNUSED_FUNCTION = YES;
				GCC_WARN_UNUSED_VARIABLE = YES;
				IPHONEOS_DEPLOYMENT_TARGET = 13.4;
				MTL_ENABLE_DEBUG_INFO = NO;
				MTL_FAST_MATH = YES;
				SDKROOT = iphoneos;
				SWIFT_COMPILATION_MODE = wholemodule;
				SWIFT_OPTIMIZATION_LEVEL = "-O";
				VALIDATE_PRODUCT = YES;
			};
			name = Release;
		};
		CBFB468B245F18370030DE63 /* Debug */ = {
			isa = XCBuildConfiguration;
			buildSettings = {
				ASSETCATALOG_COMPILER_APPICON_NAME = AppIcon;
				CODE_SIGN_STYLE = Automatic;
				INFOPLIST_FILE = LoaderOnTableViewTillDataLoadsFromApi/Info.plist;
				LD_RUNPATH_SEARCH_PATHS = (
					"$(inherited)",
					"@executable_path/Frameworks",
				);
				PRODUCT_BUNDLE_IDENTIFIER = ihubtechnologies.LoaderOnTableViewTillDataLoadsFromApi;
				PRODUCT_NAME = "$(TARGET_NAME)";
				SWIFT_VERSION = 5.0;
				TARGETED_DEVICE_FAMILY = "1,2";
			};
			name = Debug;
		};
		CBFB468C245F18370030DE63 /* Release */ = {
			isa = XCBuildConfiguration;
			buildSettings = {
				ASSETCATALOG_COMPILER_APPICON_NAME = AppIcon;
				CODE_SIGN_STYLE = Automatic;
				INFOPLIST_FILE = LoaderOnTableViewTillDataLoadsFromApi/Info.plist;
				LD_RUNPATH_SEARCH_PATHS = (
					"$(inherited)",
					"@executable_path/Frameworks",
				);
				PRODUCT_BUNDLE_IDENTIFIER = ihubtechnologies.LoaderOnTableViewTillDataLoadsFromApi;
				PRODUCT_NAME = "$(TARGET_NAME)";
				SWIFT_VERSION = 5.0;
				TARGETED_DEVICE_FAMILY = "1,2";
			};
			name = Release;
		};
/* End XCBuildConfiguration section */

/* Begin XCConfigurationList section */
		CBFB4671245F18340030DE63 /* Build configuration list for PBXProject "LoaderOnTableViewTillDataLoadsFromApi" */ = {
			isa = XCConfigurationList;
			buildConfigurations = (
				CBFB4688245F18370030DE63 /* Debug */,
				CBFB4689245F18370030DE63 /* Release */,
			);
			defaultConfigurationIsVisible = 0;
			defaultConfigurationName = Release;
		};
		CBFB468A245F18370030DE63 /* Build configuration list for PBXNativeTarget "LoaderOnTableViewTillDataLoadsFromApi" */ = {
			isa = XCConfigurationList;
			buildConfigurations = (
				CBFB468B245F18370030DE63 /* Debug */,
				CBFB468C245F18370030DE63 /* Release */,
			);
			defaultConfigurationIsVisible = 0;
			defaultConfigurationName = Release;
		};
/* End XCConfigurationList section */

/* Begin XCRemoteSwiftPackageReference section */
		CBFB468D245F18D80030DE63 /* XCRemoteSwiftPackageReference "Alamofire" */ = {
			isa = XCRemoteSwiftPackageReference;
			repositoryURL = "https://github.com/Alamofire/Alamofire";
			requirement = {
				kind = upToNextMajorVersion;
				minimumVersion = 5.1.0;
			};
		};
/* End XCRemoteSwiftPackageReference section */

/* Begin XCSwiftPackageProductDependency section */
		CBFB468E245F18D80030DE63 /* Alamofire */ = {
			isa = XCSwiftPackageProductDependency;
			package = CBFB468D245F18D80030DE63 /* XCRemoteSwiftPackageReference "Alamofire" */;
			productName = Alamofire;
		};
/* End XCSwiftPackageProductDependency section */
	};
	rootObject = CBFB466E245F18340030DE63 /* Project object */;
}
